
Microsoft Visual Studio Solution File, Format Version 12.00
# Visual Studio Version 16
VisualStudioVersion = 16.0.31205.134
MinimumVisualStudioVersion = 10.0.40219.1
Project("{9A19103F-16F7-4668-BE54-9A1E7A4F7556}") = "LibraryClass_7_", "LibraryClass_7_.csproj", "{EC8A53EB-B126-47C5-9A34-C20627DFE36B}"
EndProject
Project("{9A19103F-16F7-4668-BE54-9A1E7A4F7556}") = "AplicationTests_7_", "..\Testy_aplikacji\AplicationTests_7_.csproj", "{FD18CF60-6BA2-45BC-92D2-3790753446A1}"
EndProject
Global
	GlobalSection(SolutionConfigurationPlatforms) = preSolution
		Debug|Any CPU = Debug|Any CPU
		Release|Any CPU = Release|Any CPU
	EndGlobalSection
	GlobalSection(ProjectConfigurationPlatforms) = postSolution
		{EC8A53EB-B126-47C5-9A34-C20627DFE36B}.Debug|Any CPU.ActiveCfg = Debug|Any CPU
		{EC8A53EB-B126-47C5-9A34-C20627DFE36B}.Debug|Any CPU.Build.0 = Debug|Any CPU
		{EC8A53EB-B126-47C5-9A34-C20627DFE36B}.Release|Any CPU.ActiveCfg = Release|Any CPU
		{EC8A53EB-B126-47C5-9A34-C20627DFE36B}.Release|Any CPU.Build.0 = Release|Any CPU
		{FD18CF60-6BA2-45BC-92D2-3790753446A1}.Debug|Any CPU.ActiveCfg = Debug|Any CPU
		{FD18CF60-6BA2-45BC-92D2-3790753446A1}.Debug|Any CPU.Build.0 = Debug|Any CPU
		{FD18CF60-6BA2-45BC-92D2-3790753446A1}.Release|Any CPU.ActiveCfg = Release|Any CPU
		{FD18CF60-6BA2-45BC-92D2-3790753446A1}.Release|Any CPU.Build.0 = Release|Any CPU
	EndGlobalSection
	GlobalSection(SolutionProperties) = preSolution
		HideSolutionNode = FALSE
	EndGlobalSection
	GlobalSection(ExtensibilityGlobals) = postSolution
		SolutionGuid = {FDB12D4A-88C0-4E38-885F-105A139076FE}
	EndGlobalSection
EndGlobal
